{
  "name": "game-dev-club",
  "version": "1.0.0",
  "lockfileVersion": 3,
  "requires": true,
  "packages": {
    "": {
      "name": "game-dev-club",
      "version": "1.0.0",
      "license": "ISC",
      "dependencies": {
        "merlin-game-engine": "^1.0.0"
      }
    },
    "node_modules/merlin-game-engine": {
      "version": "1.0.0",
      "resolved": "https://registry.npmjs.org/merlin-game-engine/-/merlin-game-engine-1.0.0.tgz",
      "integrity": "sha512-R2ghlA7K19EFsdLjbojrdvuRFP+mnqzlJF71Dq9BCkp2uwyWiDsVp5/8MrM3l9cywiJ+Dlxb5p5NWkHfDMityg=="
    }
  }
}
